
Microsoft Visual Studio Solution File, Format Version 12.00
# Visual Studio Version 17
VisualStudioVersion = 17.8.34511.84
MinimumVisualStudioVersion = 10.0.40219.1
Project("{FAE04EC0-301F-11D3-BF4B-00C04F79EFBC}") = "WpfAppControl", "WpfAppControl\WpfAppControl.csproj", "{71B3D09B-3216-44B4-8AD6-E4F315586AF0}"
EndProject
Project("{FAE04EC0-301F-11D3-BF4B-00C04F79EFBC}") = "WpfApp1", "WpfApp1\WpfApp1.csproj", "{DF0DA0AF-A418-4C91-9BE7-CD60F3370963}"
EndProject
Global
	GlobalSection(SolutionConfigurationPlatforms) = preSolution
		Debug|Any CPU = Debug|Any CPU
		Release|Any CPU = Release|Any CPU
	EndGlobalSection
	GlobalSection(ProjectConfigurationPlatforms) = postSolution
		{71B3D09B-3216-44B4-8AD6-E4F315586AF0}.Debug|Any CPU.ActiveCfg = Debug|Any CPU
		{71B3D09B-3216-44B4-8AD6-E4F315586AF0}.Debug|Any CPU.Build.0 = Debug|Any CPU
		{71B3D09B-3216-44B4-8AD6-E4F315586AF0}.Release|Any CPU.ActiveCfg = Release|Any CPU
		{71B3D09B-3216-44B4-8AD6-E4F315586AF0}.Release|Any CPU.Build.0 = Release|Any CPU
		{DF0DA0AF-A418-4C91-9BE7-CD60F3370963}.Debug|Any CPU.ActiveCfg = Debug|Any CPU
		{DF0DA0AF-A418-4C91-9BE7-CD60F3370963}.Debug|Any CPU.Build.0 = Debug|Any CPU
		{DF0DA0AF-A418-4C91-9BE7-CD60F3370963}.Release|Any CPU.ActiveCfg = Release|Any CPU
		{DF0DA0AF-A418-4C91-9BE7-CD60F3370963}.Release|Any CPU.Build.0 = Release|Any CPU
	EndGlobalSection
	GlobalSection(SolutionProperties) = preSolution
		HideSolutionNode = FALSE
	EndGlobalSection
	GlobalSection(ExtensibilityGlobals) = postSolution
		SolutionGuid = {659535DA-C132-4D2E-84A2-F185B0A7C8CF}
	EndGlobalSection
EndGlobal
